Microsoft Visual Studio Solution File, Format Version 12.00
# Visual Studio Version 17
VisualStudioVersion = 17.13.35825.156 d17.13
MinimumVisualStudioVersion = 10.0.40219.1
Project("{9A19103F-16F7-4668-BE54-9A1E7A4F7556}") = "ja-fleet", "ja-fleet\ja-fleet.csproj", "{83C7E63E-F0CA-4464-B5E6-F77E5863C13C}"
EndProject
Project("{9A19103F-16F7-4668-BE54-9A1E7A4F7556}") = "ja-fleet.Commons", "..\ja-fleet.Commons\ja-fleet.Commons\ja-fleet.Commons.csproj", "{B840C46D-88DE-4874-B39D-B767216C26AE}"
EndProject
Project("{9A19103F-16F7-4668-BE54-9A1E7A4F7556}") = "Noobow.Commons", "..\Noobow.Commons\Noobow.Commons\Noobow.Commons.csproj", "{606B0936-5ECB-47FF-8D26-4ED6B598B146}"
EndProject
Project("{FAE04EC0-301F-11D3-BF4B-00C04F79EFBC}") = "ja-fleet.Test", "ja-fleet.Test\ja-fleet.Test.csproj", "{4EB65ECA-CB93-4EE1-8B87-35186BA1A041}"
EndProject
Global
	GlobalSection(SolutionConfigurationPlatforms) = preSolution
		Debug|Any CPU = Debug|Any CPU
		Release|Any CPU = Release|Any CPU
	EndGlobalSection
	GlobalSection(ProjectConfigurationPlatforms) = postSolution
		{83C7E63E-F0CA-4464-B5E6-F77E5863C13C}.Debug|Any CPU.ActiveCfg = Debug|Any CPU
		{83C7E63E-F0CA-4464-B5E6-F77E5863C13C}.Debug|Any CPU.Build.0 = Debug|Any CPU
		{83C7E63E-F0CA-4464-B5E6-F77E5863C13C}.Release|Any CPU.ActiveCfg = Release|Any CPU
		{83C7E63E-F0CA-4464-B5E6-F77E5863C13C}.Release|Any CPU.Build.0 = Release|Any CPU
		{B840C46D-88DE-4874-B39D-B767216C26AE}.Debug|Any CPU.ActiveCfg = Debug|Any CPU
		{B840C46D-88DE-4874-B39D-B767216C26AE}.Debug|Any CPU.Build.0 = Debug|Any CPU
		{B840C46D-88DE-4874-B39D-B767216C26AE}.Release|Any CPU.ActiveCfg = Release|Any CPU
		{B840C46D-88DE-4874-B39D-B767216C26AE}.Release|Any CPU.Build.0 = Release|Any CPU
		{606B0936-5ECB-47FF-8D26-4ED6B598B146}.Debug|Any CPU.ActiveCfg = Debug|Any CPU
		{606B0936-5ECB-47FF-8D26-4ED6B598B146}.Debug|Any CPU.Build.0 = Debug|Any CPU
		{606B0936-5ECB-47FF-8D26-4ED6B598B146}.Release|Any CPU.ActiveCfg = Release|Any CPU
		{606B0936-5ECB-47FF-8D26-4ED6B598B146}.Release|Any CPU.Build.0 = Release|Any CPU
		{4EB65ECA-CB93-4EE1-8B87-35186BA1A041}.Debug|Any CPU.ActiveCfg = Debug|Any CPU
		{4EB65ECA-CB93-4EE1-8B87-35186BA1A041}.Debug|Any CPU.Build.0 = Debug|Any CPU
		{4EB65ECA-CB93-4EE1-8B87-35186BA1A041}.Release|Any CPU.ActiveCfg = Release|Any CPU
		{4EB65ECA-CB93-4EE1-8B87-35186BA1A041}.Release|Any CPU.Build.0 = Release|Any CPU
	EndGlobalSection
	GlobalSection(SolutionProperties) = preSolution
		HideSolutionNode = FALSE
	EndGlobalSection
	GlobalSection(ExtensibilityGlobals) = postSolution
		SolutionGuid = {1F1B170A-5B0A-4B7A-BDCD-3E9A795C540D}
	EndGlobalSection
EndGlobal
