Microsoft Visual Studio Solution File, Format Version 12.00
# Visual Studio 15
VisualStudioVersion = 15.0.28010.2048
MinimumVisualStudioVersion = 10.0.40219.1
Project("{9A19103F-16F7-4668-BE54-9A1E7A4F7556}") = "ja-fleet", "ja-fleet\ja-fleet.csproj", "{83C7E63E-F0CA-4464-B5E6-F77E5863C13C}"
EndProject
Project("{9A19103F-16F7-4668-BE54-9A1E7A4F7556}") = "ja-fleet.Commons", "..\ja-fleet.Commons\ja-fleet.Commons\ja-fleet.Commons.csproj", "{B840C46D-88DE-4874-B39D-B767216C26AE}"
EndProject
Global
	GlobalSection(SolutionConfigurationPlatforms) = preSolution
		Debug|Any CPU = Debug|Any CPU
		Release|Any CPU = Release|Any CPU
	EndGlobalSection
	GlobalSection(ProjectConfigurationPlatforms) = postSolution
		{83C7E63E-F0CA-4464-B5E6-F77E5863C13C}.Debug|Any CPU.ActiveCfg = Debug|Any CPU
		{83C7E63E-F0CA-4464-B5E6-F77E5863C13C}.Debug|Any CPU.Build.0 = Debug|Any CPU
		{83C7E63E-F0CA-4464-B5E6-F77E5863C13C}.Release|Any CPU.ActiveCfg = Release|Any CPU
		{83C7E63E-F0CA-4464-B5E6-F77E5863C13C}.Release|Any CPU.Build.0 = Release|Any CPU
		{B840C46D-88DE-4874-B39D-B767216C26AE}.Debug|Any CPU.ActiveCfg = Debug|Any CPU
		{B840C46D-88DE-4874-B39D-B767216C26AE}.Debug|Any CPU.Build.0 = Debug|Any CPU
		{B840C46D-88DE-4874-B39D-B767216C26AE}.Release|Any CPU.ActiveCfg = Release|Any CPU
		{B840C46D-88DE-4874-B39D-B767216C26AE}.Release|Any CPU.Build.0 = Release|Any CPU
	EndGlobalSection
	GlobalSection(SolutionProperties) = preSolution
		HideSolutionNode = FALSE
	EndGlobalSection
	GlobalSection(ExtensibilityGlobals) = postSolution
		SolutionGuid = {1F1B170A-5B0A-4B7A-BDCD-3E9A795C540D}
	EndGlobalSection
EndGlobal
